
Microsoft Visual Studio Solution File, Format Version 12.00
# Visual Studio Version 17
VisualStudioVersion = 17.13.35931.197 d17.13
MinimumVisualStudioVersion = 10.0.40219.1
Project("{FAE04EC0-301F-11D3-BF4B-00C04F79EFBC}") = "EmployeeAdminPortal", "EmployeeAdminPortal\EmployeeAdminPortal.csproj", "{BAF29DCC-1713-4350-B7A0-AC30858CCD01}"
EndProject
Global
	GlobalSection(SolutionConfigurationPlatforms) = preSolution
		Debug|Any CPU = Debug|Any CPU
		Release|Any CPU = Release|Any CPU
	EndGlobalSection
	GlobalSection(ProjectConfigurationPlatforms) = postSolution
		{BAF29DCC-1713-4350-B7A0-AC30858CCD01}.Debug|Any CPU.ActiveCfg = Debug|Any CPU
		{BAF29DCC-1713-4350-B7A0-AC30858CCD01}.Debug|Any CPU.Build.0 = Debug|Any CPU
		{BAF29DCC-1713-4350-B7A0-AC30858CCD01}.Release|Any CPU.ActiveCfg = Release|Any CPU
		{BAF29DCC-1713-4350-B7A0-AC30858CCD01}.Release|Any CPU.Build.0 = Release|Any CPU
	EndGlobalSection
	GlobalSection(SolutionProperties) = preSolution
		HideSolutionNode = FALSE
	EndGlobalSection
	GlobalSection(ExtensibilityGlobals) = postSolution
		SolutionGuid = {2C1645D5-59DF-41F9-A242-07010CA29B89}
	EndGlobalSection
EndGlobal
